
Microsoft Visual Studio Solution File, Format Version 12.00
# Visual Studio Version 17
VisualStudioVersion = 17.3.32804.467
MinimumVisualStudioVersion = 10.0.40219.1
Project("{9A19103F-16F7-4668-BE54-9A1E7A4F7556}") = "Welcome", "Welcome\Welcome.csproj", "{E4389EFF-8D0C-47DD-AFC2-16572C5552C3}"
EndProject
Project("{FAE04EC0-301F-11D3-BF4B-00C04F79EFBC}") = "WelcomeExtended", "WelcomeExtended\WelcomeExtended.csproj", "{7B7F65CF-50E1-4DDE-A5FF-74B70CDD1682}"
EndProject
Global
	GlobalSection(SolutionConfigurationPlatforms) = preSolution
		Debug|Any CPU = Debug|Any CPU
		Release|Any CPU = Release|Any CPU
	EndGlobalSection
	GlobalSection(ProjectConfigurationPlatforms) = postSolution
		{E4389EFF-8D0C-47DD-AFC2-16572C5552C3}.Debug|Any CPU.ActiveCfg = Debug|Any CPU
		{E4389EFF-8D0C-47DD-AFC2-16572C5552C3}.Debug|Any CPU.Build.0 = Debug|Any CPU
		{E4389EFF-8D0C-47DD-AFC2-16572C5552C3}.Release|Any CPU.ActiveCfg = Release|Any CPU
		{E4389EFF-8D0C-47DD-AFC2-16572C5552C3}.Release|Any CPU.Build.0 = Release|Any CPU
		{7B7F65CF-50E1-4DDE-A5FF-74B70CDD1682}.Debug|Any CPU.ActiveCfg = Debug|Any CPU
		{7B7F65CF-50E1-4DDE-A5FF-74B70CDD1682}.Debug|Any CPU.Build.0 = Debug|Any CPU
		{7B7F65CF-50E1-4DDE-A5FF-74B70CDD1682}.Release|Any CPU.ActiveCfg = Release|Any CPU
		{7B7F65CF-50E1-4DDE-A5FF-74B70CDD1682}.Release|Any CPU.Build.0 = Release|Any CPU
	EndGlobalSection
	GlobalSection(SolutionProperties) = preSolution
		HideSolutionNode = FALSE
	EndGlobalSection
	GlobalSection(ExtensibilityGlobals) = postSolution
		SolutionGuid = {B7EBB10D-E344-47CA-95A5-BED794F93478}
	EndGlobalSection
EndGlobal
